
Microsoft Visual Studio Solution File, Format Version 12.00
# Visual Studio Version 17
VisualStudioVersion = 17.6.33712.159
MinimumVisualStudioVersion = 10.0.40219.1
Project("{FAE04EC0-301F-11D3-BF4B-00C04F79EFBC}") = "File Management", "File Management\File Management.csproj", "{E12BD3F1-FC79-4DC5-BC23-D5E86AAE39FC}"
EndProject
Global
	GlobalSection(SolutionConfigurationPlatforms) = preSolution
		Debug|Any CPU = Debug|Any CPU
		Release|Any CPU = Release|Any CPU
	EndGlobalSection
	GlobalSection(ProjectConfigurationPlatforms) = postSolution
		{E12BD3F1-FC79-4DC5-BC23-D5E86AAE39FC}.Debug|Any CPU.ActiveCfg = Debug|Any CPU
		{E12BD3F1-FC79-4DC5-BC23-D5E86AAE39FC}.Debug|Any CPU.Build.0 = Debug|Any CPU
		{E12BD3F1-FC79-4DC5-BC23-D5E86AAE39FC}.Release|Any CPU.ActiveCfg = Release|Any CPU
		{E12BD3F1-FC79-4DC5-BC23-D5E86AAE39FC}.Release|Any CPU.Build.0 = Release|Any CPU
	EndGlobalSection
	GlobalSection(SolutionProperties) = preSolution
		HideSolutionNode = FALSE
	EndGlobalSection
	GlobalSection(ExtensibilityGlobals) = postSolution
		SolutionGuid = {00C51903-6939-4B55-A608-806EC3286211}
	EndGlobalSection
EndGlobal
